// !$*UTF8*$!
{
	archiveVersion = 1;
	classes = {
	};
	objectVersion = 48;
	objects = {

/* Begin PBXBuildFile section */
		3A0332631EB7FA8900968CE3 /* main.m in Sources */ = {isa = PBXBuildFile; fileRef = 3A0332621EB7FA8900968CE3 /* main.m */; };
		3A0332661EB7FA8900968CE3 /* AppDelegate.m in Sources */ = {isa = PBXBuildFile; fileRef = 3A0332651EB7FA8900968CE3 /* AppDelegate.m */; };
		3A0332691EB7FA8900968CE3 /* ViewController.m in Sources */ = {isa = PBXBuildFile; fileRef = 3A0332681EB7FA8900968CE3 /* ViewController.m */; };
		3A03326C1EB7FA8900968CE3 /* Main.storyboard in Resources */ = {isa = PBXBuildFile; fileRef = 3A03326A1EB7FA8900968CE3 /* Main.storyboard */; };
		3A03326E1EB7FA8900968CE3 /* Assets.xcassets in Resources */ = {isa = PBXBuildFile; fileRef = 3A03326D1EB7FA8900968CE3 /* Assets.xcassets */; };
		3A0332711EB7FA8900968CE3 /* LaunchScreen.storyboard in Resources */ = {isa = PBXBuildFile; fileRef = 3A03326F1EB7FA8900968CE3 /* LaunchScreen.storyboard */; };
		3A0333321EB8072B00968CE3 /* BCDataCollector.m in Sources */ = {isa = PBXBuildFile; fileRef = 3A0333311EB8072B00968CE3 /* BCDataCollector.m */; };
		3A8C88AD1EB8BAC1005A2D2F /* Foundation.framework in Frameworks */ = {isa = PBXBuildFile; fileRef = 3A8C88AC1EB8BAC1005A2D2F /* Foundation.framework */; };
		3A8C88AF1EB8BAD3005A2D2F /* CoreGraphics.framework in Frameworks */ = {isa = PBXBuildFile; fileRef = 3A8C88AE1EB8BAD3005A2D2F /* CoreGraphics.framework */; };
		3A8C88B11EB8BADE005A2D2F /* UIKit.framework in Frameworks */ = {isa = PBXBuildFile; fileRef = 3A8C88B01EB8BADE005A2D2F /* UIKit.framework */; };
		3A8C88C01EB9B65C005A2D2F /* AFNetworking.framework in Frameworks */ = {isa = PBXBuildFile; fileRef = 3A6B4D9E1EB814BC004D3339 /* AFNetworking.framework */; };
		3A8C88C11EB9B65C005A2D2F /* AFNetworking.framework in Embed Frameworks */ = {isa = PBXBuildFile; fileRef = 3A6B4D9E1EB814BC004D3339 /* AFNetworking.framework */; settings = {ATTRIBUTES = (CodeSignOnCopy, RemoveHeadersOnCopy, ); }; };
		3A8C88C51EB9B663005A2D2F /* MBProgressHUD.framework in Frameworks */ = {isa = PBXBuildFile; fileRef = 3A5E21071EB82B9700E3465E /* MBProgressHUD.framework */; };
		3A8C88C61EB9B663005A2D2F /* MBProgressHUD.framework in Embed Frameworks */ = {isa = PBXBuildFile; fileRef = 3A5E21071EB82B9700E3465E /* MBProgressHUD.framework */; settings = {ATTRIBUTES = (CodeSignOnCopy, RemoveHeadersOnCopy, ); }; };
/* End PBXBuildFile section */

/* Begin PBXContainerItemProxy section */
		3A5E21041EB82B9700E3465E /* PBXContainerItemProxy */ = {
			isa = PBXContainerItemProxy;
			containerPortal = 3A5E20F01EB82B9100E3465E /* MBProgressHUD.xcodeproj */;
			proxyType = 2;
			remoteGlobalIDString = D286A7491518C70F00E13FB8;
			remoteInfo = "MBProgressHUD Static Library";
		};
		3A5E21061EB82B9700E3465E /* PBXContainerItemProxy */ = {
			isa = PBXContainerItemProxy;
			containerPortal = 3A5E20F01EB82B9100E3465E /* MBProgressHUD.xcodeproj */;
			proxyType = 2;
			remoteGlobalIDString = 1D104D7A1ACA36CC00973364;
			remoteInfo = "MBProgressHUD Framework";
		};
		3A6B4D9D1EB814BC004D3339 /* PBXContainerItemProxy */ = {
			isa = PBXContainerItemProxy;
			containerPortal = 3A6B4D931EB814BC004D3339 /* AFNetworking.xcodeproj */;
			proxyType = 2;
			remoteGlobalIDString = 299522391BBF104D00859F49;
			remoteInfo = "AFNetworking iOS";
		};
		3A6B4D9F1EB814BC004D3339 /* PBXContainerItemProxy */ = {
			isa = PBXContainerItemProxy;
			containerPortal = 3A6B4D931EB814BC004D3339 /* AFNetworking.xcodeproj */;
			proxyType = 2;
			remoteGlobalIDString = 299522651BBF129200859F49;
			remoteInfo = "AFNetworking watchOS";
		};
		3A6B4DA11EB814BC004D3339 /* PBXContainerItemProxy */ = {
			isa = PBXContainerItemProxy;
			containerPortal = 3A6B4D931EB814BC004D3339 /* AFNetworking.xcodeproj */;
			proxyType = 2;
			remoteGlobalIDString = 299522771BBF136400859F49;
			remoteInfo = "AFNetworking OS X";
		};
		3A6B4DA31EB814BC004D3339 /* PBXContainerItemProxy */ = {
			isa = PBXContainerItemProxy;
			containerPortal = 3A6B4D931EB814BC004D3339 /* AFNetworking.xcodeproj */;
			proxyType = 2;
			remoteGlobalIDString = 2987B0A51BC408A200179A4C;
			remoteInfo = "AFNetworking tvOS";
		};
		3A6B4DA51EB814BC004D3339 /* PBXContainerItemProxy */ = {
			isa = PBXContainerItemProxy;
			containerPortal = 3A6B4D931EB814BC004D3339 /* AFNetworking.xcodeproj */;
			proxyType = 2;
			remoteGlobalIDString = 298D7C3B1BC2C79500FD3B3E;
			remoteInfo = "AFNetworking iOS Tests";
		};
		3A6B4DA71EB814BC004D3339 /* PBXContainerItemProxy */ = {
			isa = PBXContainerItemProxy;
			containerPortal = 3A6B4D931EB814BC004D3339 /* AFNetworking.xcodeproj */;
			proxyType = 2;
			remoteGlobalIDString = 298D7C4A1BC2C7B200FD3B3E;
			remoteInfo = "AFNetworking Mac OS X Tests";
		};
		3A6B4DA91EB814BC004D3339 /* PBXContainerItemProxy */ = {
			isa = PBXContainerItemProxy;
			containerPortal = 3A6B4D931EB814BC004D3339 /* AFNetworking.xcodeproj */;
			proxyType = 2;
			remoteGlobalIDString = 2987B0AE1BC408A200179A4C;
			remoteInfo = "AFNetworking tvOS Tests";
		};
		3A8C88C21EB9B65C005A2D2F /* PBXContainerItemProxy */ = {
			isa = PBXContainerItemProxy;
			containerPortal = 3A6B4D931EB814BC004D3339 /* AFNetworking.xcodeproj */;
			proxyType = 1;
			remoteGlobalIDString = 299522381BBF104D00859F49;
			remoteInfo = "AFNetworking iOS";
		};
		3A8C88C71EB9B663005A2D2F /* PBXContainerItemProxy */ = {
			isa = PBXContainerItemProxy;
			containerPortal = 3A5E20F01EB82B9100E3465E /* MBProgressHUD.xcodeproj */;
			proxyType = 1;
			remoteGlobalIDString = 1D104D791ACA36CC00973364;
			remoteInfo = "MBProgressHUD Framework";
		};
/* End PBXContainerItemProxy section */

/* Begin PBXCopyFilesBuildPhase section */
		3A8C88C41EB9B65C005A2D2F /* Embed Frameworks */ = {
			isa = PBXCopyFilesBuildPhase;
			buildActionMask = 2147483647;
			dstPath = "";
			dstSubfolderSpec = 10;
			files = (
				3A8C88C61EB9B663005A2D2F /* MBProgressHUD.framework in Embed Frameworks */,
				3A8C88C11EB9B65C005A2D2F /* AFNetworking.framework in Embed Frameworks */,
			);
			name = "Embed Frameworks";
			runOnlyForDeploymentPostprocessing = 0;
		};
/* End PBXCopyFilesBuildPhase section */

/* Begin PBXFileReference section */
		3A03325E1EB7FA8900968CE3 /* MotA.app */ = {isa = PBXFileReference; explicitFileType = wrapper.application; includeInIndex = 0; path = MotA.app; sourceTree = BUILT_PRODUCTS_DIR; };
		3A0332621EB7FA8900968CE3 /* main.m */ = {isa = PBXFileReference; lastKnownFileType = sourcecode.c.objc; path = main.m; sourceTree = "<group>"; };
		3A0332641EB7FA8900968CE3 /* AppDelegate.h */ = {isa = PBXFileReference; lastKnownFileType = sourcecode.c.h; path = AppDelegate.h; sourceTree = "<group>"; };
		3A0332651EB7FA8900968CE3 /* AppDelegate.m */ = {isa = PBXFileReference; lastKnownFileType = sourcecode.c.objc; path = AppDelegate.m; sourceTree = "<group>"; };
		3A0332671EB7FA8900968CE3 /* ViewController.h */ = {isa = PBXFileReference; lastKnownFileType = sourcecode.c.h; path = ViewController.h; sourceTree = "<group>"; };
		3A0332681EB7FA8900968CE3 /* ViewController.m */ = {isa = PBXFileReference; lastKnownFileType = sourcecode.c.objc; path = ViewController.m; sourceTree = "<group>"; };
		3A03326B1EB7FA8900968CE3 /* Base */ = {isa = PBXFileReference; lastKnownFileType = file.storyboard; name = Base; path = Base.lproj/Main.storyboard; sourceTree = "<group>"; };
		3A03326D1EB7FA8900968CE3 /* Assets.xcassets */ = {isa = PBXFileReference; lastKnownFileType = folder.assetcatalog; path = Assets.xcassets; sourceTree = "<group>"; };
		3A0332701EB7FA8900968CE3 /* Base */ = {isa = PBXFileReference; lastKnownFileType = file.storyboard; name = Base; path = Base.lproj/LaunchScreen.storyboard; sourceTree = "<group>"; };
		3A0332721EB7FA8900968CE3 /* Info.plist */ = {isa = PBXFileReference; lastKnownFileType = text.plist.xml; path = Info.plist; sourceTree = "<group>"; };
		3A0333311EB8072B00968CE3 /* BCDataCollector.m */ = {isa = PBXFileReference; fileEncoding = 4; lastKnownFileType = sourcecode.c.objc; path = BCDataCollector.m; sourceTree = "<group>"; };
		3A0333331EB807B500968CE3 /* BCDataCollector.h */ = {isa = PBXFileReference; lastKnownFileType = sourcecode.c.h; path = BCDataCollector.h; sourceTree = "<group>"; };
		3A5E20F01EB82B9100E3465E /* MBProgressHUD.xcodeproj */ = {isa = PBXFileReference; lastKnownFileType = "wrapper.pb-project"; name = MBProgressHUD.xcodeproj; path = ../../3rdParty_Code/MBProgressHUD/MBProgressHUD.xcodeproj; sourceTree = "<group>"; };
		3A6B4D931EB814BC004D3339 /* AFNetworking.xcodeproj */ = {isa = PBXFileReference; lastKnownFileType = "wrapper.pb-project"; name = AFNetworking.xcodeproj; path = ../../3rdParty_Code/AFNetworking/AFNetworking.xcodeproj; sourceTree = "<group>"; };
		3A8C88AC1EB8BAC1005A2D2F /* Foundation.framework */ = {isa = PBXFileReference; lastKnownFileType = wrapper.framework; name = Foundation.framework; path = System/Library/Frameworks/Foundation.framework; sourceTree = SDKROOT; };
		3A8C88AE1EB8BAD3005A2D2F /* CoreGraphics.framework */ = {isa = PBXFileReference; lastKnownFileType = wrapper.framework; name = CoreGraphics.framework; path = System/Library/Frameworks/CoreGraphics.framework; sourceTree = SDKROOT; };
		3A8C88B01EB8BADE005A2D2F /* UIKit.framework */ = {isa = PBXFileReference; lastKnownFileType = wrapper.framework; name = UIKit.framework; path = System/Library/Frameworks/UIKit.framework; sourceTree = SDKROOT; };
/* End PBXFileReference section */

/* Begin PBXFrameworksBuildPhase section */
		3A03325B1EB7FA8900968CE3 /* Frameworks */ = {
			isa = PBXFrameworksBuildPhase;
			buildActionMask = 2147483647;
			files = (
				3A8C88B11EB8BADE005A2D2F /* UIKit.framework in Frameworks */,
				3A8C88C01EB9B65C005A2D2F /* AFNetworking.framework in Frameworks */,
				3A8C88AF1EB8BAD3005A2D2F /* CoreGraphics.framework in Frameworks */,
				3A8C88C51EB9B663005A2D2F /* MBProgressHUD.framework in Frameworks */,
				3A8C88AD1EB8BAC1005A2D2F /* Foundation.framework in Frameworks */,
			);
			runOnlyForDeploymentPostprocessing = 0;
		};
/* End PBXFrameworksBuildPhase section */

/* Begin PBXGroup section */
		3A0332551EB7FA8900968CE3 = {
			isa = PBXGroup;
			children = (
				3A0332601EB7FA8900968CE3 /* MotA */,
				3A0332861EB7FB1C00968CE3 /* External Code */,
				3A03325F1EB7FA8900968CE3 /* Products */,
				3A8C88AB1EB8BAC1005A2D2F /* Frameworks */,
			);
			sourceTree = "<group>";
		};
		3A03325F1EB7FA8900968CE3 /* Products */ = {
			isa = PBXGroup;
			children = (
				3A03325E1EB7FA8900968CE3 /* MotA.app */,
			);
			name = Products;
			sourceTree = "<group>";
		};
		3A0332601EB7FA8900968CE3 /* MotA */ = {
			isa = PBXGroup;
			children = (
				3A0332641EB7FA8900968CE3 /* AppDelegate.h */,
				3A0332651EB7FA8900968CE3 /* AppDelegate.m */,
				3A0332671EB7FA8900968CE3 /* ViewController.h */,
				3A0332681EB7FA8900968CE3 /* ViewController.m */,
				3A0333331EB807B500968CE3 /* BCDataCollector.h */,
				3A0333311EB8072B00968CE3 /* BCDataCollector.m */,
				3A03326A1EB7FA8900968CE3 /* Main.storyboard */,
				3A03326D1EB7FA8900968CE3 /* Assets.xcassets */,
				3A03326F1EB7FA8900968CE3 /* LaunchScreen.storyboard */,
				3A0332721EB7FA8900968CE3 /* Info.plist */,
				3A0332611EB7FA8900968CE3 /* Supporting Files */,
			);
			path = MotA;
			sourceTree = "<group>";
		};
		3A0332611EB7FA8900968CE3 /* Supporting Files */ = {
			isa = PBXGroup;
			children = (
				3A0332621EB7FA8900968CE3 /* main.m */,
			);
			name = "Supporting Files";
			sourceTree = "<group>";
		};
		3A0332861EB7FB1C00968CE3 /* External Code */ = {
			isa = PBXGroup;
			children = (
				3A5E20F01EB82B9100E3465E /* MBProgressHUD.xcodeproj */,
				3A6B4D931EB814BC004D3339 /* AFNetworking.xcodeproj */,
			);
			name = "External Code";
			path = MotA;
			sourceTree = "<group>";
		};
		3A5E21001EB82B9700E3465E /* Products */ = {
			isa = PBXGroup;
			children = (
				3A5E21051EB82B9700E3465E /* libMBProgressHUD.a */,
				3A5E21071EB82B9700E3465E /* MBProgressHUD.framework */,
			);
			name = Products;
			sourceTree = "<group>";
		};
		3A6B4D941EB814BC004D3339 /* Products */ = {
			isa = PBXGroup;
			children = (
				3A6B4D9E1EB814BC004D3339 /* AFNetworking.framework */,
				3A6B4DA01EB814BC004D3339 /* AFNetworking.framework */,
				3A6B4DA21EB814BC004D3339 /* AFNetworking.framework */,
				3A6B4DA41EB814BC004D3339 /* AFNetworking.framework */,
				3A6B4DA61EB814BC004D3339 /* AFNetworking iOS Tests.xctest */,
				3A6B4DA81EB814BC004D3339 /* AFNetworking Mac OS X Tests.xctest */,
				3A6B4DAA1EB814BC004D3339 /* AFNetworking tvOS Tests.xctest */,
			);
			name = Products;
			sourceTree = "<group>";
		};
		3A8C88AB1EB8BAC1005A2D2F /* Frameworks */ = {
			isa = PBXGroup;
			children = (
				3A8C88B01EB8BADE005A2D2F /* UIKit.framework */,
				3A8C88AE1EB8BAD3005A2D2F /* CoreGraphics.framework */,
				3A8C88AC1EB8BAC1005A2D2F /* Foundation.framework */,
			);
			name = Frameworks;
			sourceTree = "<group>";
		};
/* End PBXGroup section */

/* Begin PBXNativeTarget section */
		3A03325D1EB7FA8900968CE3 /* MotA */ = {
			isa = PBXNativeTarget;
			buildConfigurationList = 3A0332801EB7FA8A00968CE3 /* Build configuration list for PBXNativeTarget "MotA" */;
			buildPhases = (
				3A03325A1EB7FA8900968CE3 /* Sources */,
				3A03325B1EB7FA8900968CE3 /* Frameworks */,
				3A03325C1EB7FA8900968CE3 /* Resources */,
				3A8C88C41EB9B65C005A2D2F /* Embed Frameworks */,
			);
			buildRules = (
			);
			dependencies = (
				3A8C88C31EB9B65C005A2D2F /* PBXTargetDependency */,
				3A8C88C81EB9B663005A2D2F /* PBXTargetDependency */,
			);
			name = MotA;
			productName = MotA;
			productReference = 3A03325E1EB7FA8900968CE3 /* MotA.app */;
			productType = "com.apple.product-type.application";
		};
/* End PBXNativeTarget section */

/* Begin PBXProject section */
		3A0332561EB7FA8900968CE3 /* Project object */ = {
			isa = PBXProject;
			attributes = {
				CLASSPREFIX = BC;
				LastUpgradeCheck = 0820;
				ORGANIZATIONNAME = "Drew Colace";
				TargetAttributes = {
					3A03325D1EB7FA8900968CE3 = {
						CreatedOnToolsVersion = 8.2.1;
						DevelopmentTeam = 33NKLRKM57;
						ProvisioningStyle = Automatic;
					};
				};
			};
			buildConfigurationList = 3A0332591EB7FA8900968CE3 /* Build configuration list for PBXProject "MotA" */;
			compatibilityVersion = "Xcode 8.0";
			developmentRegion = English;
			hasScannedForEncodings = 0;
			knownRegions = (
				en,
				Base,
			);
			mainGroup = 3A0332551EB7FA8900968CE3;
			productRefGroup = 3A03325F1EB7FA8900968CE3 /* Products */;
			projectDirPath = "";
			projectReferences = (
				{
					ProductGroup = 3A6B4D941EB814BC004D3339 /* Products */;
					ProjectRef = 3A6B4D931EB814BC004D3339 /* AFNetworking.xcodeproj */;
				},
				{
					ProductGroup = 3A5E21001EB82B9700E3465E /* Products */;
					ProjectRef = 3A5E20F01EB82B9100E3465E /* MBProgressHUD.xcodeproj */;
				},
			);
			projectRoot = "";
			targets = (
				3A03325D1EB7FA8900968CE3 /* MotA */,
			);
		};
/* End PBXProject section */

/* Begin PBXReferenceProxy section */
		3A5E21051EB82B9700E3465E /* libMBProgressHUD.a */ = {
			isa = PBXReferenceProxy;
			fileType = archive.ar;
			path = libMBProgressHUD.a;
			remoteRef = 3A5E21041EB82B9700E3465E /* PBXContainerItemProxy */;
			sourceTree = BUILT_PRODUCTS_DIR;
		};
		3A5E21071EB82B9700E3465E /* MBProgressHUD.framework */ = {
			isa = PBXReferenceProxy;
			fileType = wrapper.framework;
			path = MBProgressHUD.framework;
			remoteRef = 3A5E21061EB82B9700E3465E /* PBXContainerItemProxy */;
			sourceTree = BUILT_PRODUCTS_DIR;
		};
		3A6B4D9E1EB814BC004D3339 /* AFNetworking.framework */ = {
			isa = PBXReferenceProxy;
			fileType = wrapper.framework;
			path = AFNetworking.framework;
			remoteRef = 3A6B4D9D1EB814BC004D3339 /* PBXContainerItemProxy */;
			sourceTree = BUILT_PRODUCTS_DIR;
		};
		3A6B4DA01EB814BC004D3339 /* AFNetworking.framework */ = {
			isa = PBXReferenceProxy;
			fileType = wrapper.framework;
			path = AFNetworking.framework;
			remoteRef = 3A6B4D9F1EB814BC004D3339 /* PBXContainerItemProxy */;
			sourceTree = BUILT_PRODUCTS_DIR;
		};
		3A6B4DA21EB814BC004D3339 /* AFNetworking.framework */ = {
			isa = PBXReferenceProxy;
			fileType = wrapper.framework;
			path = AFNetworking.framework;
			remoteRef = 3A6B4DA11EB814BC004D3339 /* PBXContainerItemProxy */;
			sourceTree = BUILT_PRODUCTS_DIR;
		};
		3A6B4DA41EB814BC004D3339 /* AFNetworking.framework */ = {
			isa = PBXReferenceProxy;
			fileType = wrapper.framework;
			path = AFNetworking.framework;
			remoteRef = 3A6B4DA31EB814BC004D3339 /* PBXContainerItemProxy */;
			sourceTree = BUILT_PRODUCTS_DIR;
		};
		3A6B4DA61EB814BC004D3339 /* AFNetworking iOS Tests.xctest */ = {
			isa = PBXReferenceProxy;
			fileType = wrapper.cfbundle;
			path = "AFNetworking iOS Tests.xctest";
			remoteRef = 3A6B4DA51EB814BC004D3339 /* PBXContainerItemProxy */;
			sourceTree = BUILT_PRODUCTS_DIR;
		};
		3A6B4DA81EB814BC004D3339 /* AFNetworking Mac OS X Tests.xctest */ = {
			isa = PBXReferenceProxy;
			fileType = wrapper.cfbundle;
			path = "AFNetworking Mac OS X Tests.xctest";
			remoteRef = 3A6B4DA71EB814BC004D3339 /* PBXContainerItemProxy */;
			sourceTree = BUILT_PRODUCTS_DIR;
		};
		3A6B4DAA1EB814BC004D3339 /* AFNetworking tvOS Tests.xctest */ = {
			isa = PBXReferenceProxy;
			fileType = wrapper.cfbundle;
			path = "AFNetworking tvOS Tests.xctest";
			remoteRef = 3A6B4DA91EB814BC004D3339 /* PBXContainerItemProxy */;
			sourceTree = BUILT_PRODUCTS_DIR;
		};
/* End PBXReferenceProxy section */

/* Begin PBXResourcesBuildPhase section */
		3A03325C1EB7FA8900968CE3 /* Resources */ = {
			isa = PBXResourcesBuildPhase;
			buildActionMask = 2147483647;
			files = (
				3A0332711EB7FA8900968CE3 /* LaunchScreen.storyboard in Resources */,
				3A03326E1EB7FA8900968CE3 /* Assets.xcassets in Resources */,
				3A03326C1EB7FA8900968CE3 /* Main.storyboard in Resources */,
			);
			runOnlyForDeploymentPostprocessing = 0;
		};
/* End PBXResourcesBuildPhase section */

/* Begin PBXSourcesBuildPhase section */
		3A03325A1EB7FA8900968CE3 /* Sources */ = {
			isa = PBXSourcesBuildPhase;
			buildActionMask = 2147483647;
			files = (
				3A0333321EB8072B00968CE3 /* BCDataCollector.m in Sources */,
				3A0332691EB7FA8900968CE3 /* ViewController.m in Sources */,
				3A0332661EB7FA8900968CE3 /* AppDelegate.m in Sources */,
				3A0332631EB7FA8900968CE3 /* main.m in Sources */,
			);
			runOnlyForDeploymentPostprocessing = 0;
		};
/* End PBXSourcesBuildPhase section */

/* Begin PBXTargetDependency section */
		3A8C88C31EB9B65C005A2D2F /* PBXTargetDependency */ = {
			isa = PBXTargetDependency;
			name = "AFNetworking iOS";
			targetProxy = 3A8C88C21EB9B65C005A2D2F /* PBXContainerItemProxy */;
		};
		3A8C88C81EB9B663005A2D2F /* PBXTargetDependency */ = {
			isa = PBXTargetDependency;
			name = "MBProgressHUD Framework";
			targetProxy = 3A8C88C71EB9B663005A2D2F /* PBXContainerItemProxy */;
		};
/* End PBXTargetDependency section */

/* Begin PBXVariantGroup section */
		3A03326A1EB7FA8900968CE3 /* Main.storyboard */ = {
			isa = PBXVariantGroup;
			children = (
				3A03326B1EB7FA8900968CE3 /* Base */,
			);
			name = Main.storyboard;
			sourceTree = "<group>";
		};
		3A03326F1EB7FA8900968CE3 /* LaunchScreen.storyboard */ = {
			isa = PBXVariantGroup;
			children = (
				3A0332701EB7FA8900968CE3 /* Base */,
			);
			name = LaunchScreen.storyboard;
			sourceTree = "<group>";
		};
/* End PBXVariantGroup section */

/* Begin XCBuildConfiguration section */
		3A03327E1EB7FA8A00968CE3 /* Debug */ = {
			isa = XCBuildConfiguration;
			buildSettings = {
				ALWAYS_SEARCH_USER_PATHS = NO;
				CLANG_ANALYZER_NONNULL = YES;
				CLANG_CXX_LANGUAGE_STANDARD = "gnu++0x";
				CLANG_CXX_LIBRARY = "libc++";
				CLANG_ENABLE_MODULES = YES;
				CLANG_ENABLE_OBJC_ARC = YES;
				CLANG_WARN_BOOL_CONVERSION = YES;
				CLANG_WARN_CONSTANT_CONVERSION = YES;
				CLANG_WARN_DIRECT_OBJC_ISA_USAGE = YES_ERROR;
				CLANG_WARN_DOCUMENTATION_COMMENTS = YES;
				CLANG_WARN_EMPTY_BODY = YES;
				CLANG_WARN_ENUM_CONVERSION = YES;
				CLANG_WARN_INFINITE_RECURSION = YES;
				CLANG_WARN_INT_CONVERSION = YES;
				CLANG_WARN_OBJC_ROOT_CLASS = YES_ERROR;
				CLANG_WARN_SUSPICIOUS_MOVE = YES;
				CLANG_WARN_UNREACHABLE_CODE = YES;
				CLANG_WARN__DUPLICATE_METHOD_MATCH = YES;
				"CODE_SIGN_IDENTITY[sdk=iphoneos*]" = "iPhone Developer";
				COPY_PHASE_STRIP = NO;
				DEBUG_INFORMATION_FORMAT = dwarf;
				ENABLE_STRICT_OBJC_MSGSEND = YES;
				ENABLE_TESTABILITY = YES;
				GCC_C_LANGUAGE_STANDARD = gnu99;
				GCC_DYNAMIC_NO_PIC = NO;
				GCC_NO_COMMON_BLOCKS = YES;
				GCC_OPTIMIZATION_LEVEL = 0;
				GCC_PREPROCESSOR_DEFINITIONS = (
					"DEBUG=1",
					"$(inherited)",
				);
				GCC_WARN_64_TO_32_BIT_CONVERSION = YES;
				GCC_WARN_ABOUT_RETURN_TYPE = YES_ERROR;
				GCC_WARN_UNDECLARED_SELECTOR = YES;
				GCC_WARN_UNINITIALIZED_AUTOS = YES_AGGRESSIVE;
				GCC_WARN_UNUSED_FUNCTION = YES;
				GCC_WARN_UNUSED_VARIABLE = YES;
				HEADER_SEARCH_PATHS = "\"$(SRCROOT)/../3rdParty_Code/AFNetworking/AFNetworking\"";
				IPHONEOS_DEPLOYMENT_TARGET = 8.0;
				MTL_ENABLE_DEBUG_INFO = YES;
				ONLY_ACTIVE_ARCH = YES;
				SDKROOT = iphoneos;
				TARGETED_DEVICE_FAMILY = "1,2";
			};
			name = Debug;
		};
		3A03327F1EB7FA8A00968CE3 /* Release */ = {
			isa = XCBuildConfiguration;
			buildSettings = {
				ALWAYS_SEARCH_USER_PATHS = NO;
				CLANG_ANALYZER_NONNULL = YES;
				CLANG_CXX_LANGUAGE_STANDARD = "gnu++0x";
				CLANG_CXX_LIBRARY = "libc++";
				CLANG_ENABLE_MODULES = YES;
				CLANG_ENABLE_OBJC_ARC = YES;
				CLANG_WARN_BOOL_CONVERSION = YES;
				CLANG_WARN_CONSTANT_CONVERSION = YES;
				CLANG_WARN_DIRECT_OBJC_ISA_USAGE = YES_ERROR;
				CLANG_WARN_DOCUMENTATION_COMMENTS = YES;
				CLANG_WARN_EMPTY_BODY = YES;
				CLANG_WARN_ENUM_CONVERSION = YES;
				CLANG_WARN_INFINITE_RECURSION = YES;
				CLANG_WARN_INT_CONVERSION = YES;
				CLANG_WARN_OBJC_ROOT_CLASS = YES_ERROR;
				CLANG_WARN_SUSPICIOUS_MOVE = YES;
				CLANG_WARN_UNREACHABLE_CODE = YES;
				CLANG_WARN__DUPLICATE_METHOD_MATCH = YES;
				"CODE_SIGN_IDENTITY[sdk=iphoneos*]" = "iPhone Distribution";
				COPY_PHASE_STRIP = NO;
				DEBUG_INFORMATION_FORMAT = "dwarf-with-dsym";
				ENABLE_NS_ASSERTIONS = NO;
				ENABLE_STRICT_OBJC_MSGSEND = YES;
				GCC_C_LANGUAGE_STANDARD = gnu99;
				GCC_NO_COMMON_BLOCKS = YES;
				GCC_WARN_64_TO_32_BIT_CONVERSION = YES;
				GCC_WARN_ABOUT_RETURN_TYPE = YES_ERROR;
				GCC_WARN_UNDECLARED_SELECTOR = YES;
				GCC_WARN_UNINITIALIZED_AUTOS = YES_AGGRESSIVE;
				GCC_WARN_UNUSED_FUNCTION = YES;
				GCC_WARN_UNUSED_VARIABLE = YES;
				HEADER_SEARCH_PATHS = "\"$(SRCROOT)/../3rdParty_Code/AFNetworking/AFNetworking\"";
				IPHONEOS_DEPLOYMENT_TARGET = 8.0;
				MTL_ENABLE_DEBUG_INFO = NO;
				SDKROOT = iphoneos;
				TARGETED_DEVICE_FAMILY = "1,2";
				VALIDATE_PRODUCT = YES;
			};
			name = Release;
		};
		3A0332811EB7FA8A00968CE3 /* Debug */ = {
			isa = XCBuildConfiguration;
			buildSettings = {
				ASSETCATALOG_COMPILER_APPICON_NAME = AppIcon;
				DEVELOPMENT_TEAM = 33NKLRKM57;
				HEADER_SEARCH_PATHS = (
					"\"$(SRCROOT)/../3rdParty_Code/AFNetworking/AFNetworking\"",
					"\"$(SRCROOT)/../3rdParty_Code/MBProgressHUD\"",
				);
				INFOPLIST_FILE = MotA/Info.plist;
				IPHONEOS_DEPLOYMENT_TARGET = 8.0;
				LD_RUNPATH_SEARCH_PATHS = "$(inherited) @executable_path/Frameworks";
				PRODUCT_BUNDLE_IDENTIFIER = com.colace..MotA;
				PRODUCT_NAME = "$(TARGET_NAME)";
				TARGETED_DEVICE_FAMILY = 1;
			};
			name = Debug;
		};
		3A0332821EB7FA8A00968CE3 /* Release */ = {
			isa = XCBuildConfiguration;
			buildSettings = {
				ASSETCATALOG_COMPILER_APPICON_NAME = AppIcon;
				DEVELOPMENT_TEAM = 33NKLRKM57;
				HEADER_SEARCH_PATHS = (
					"\"$(SRCROOT)/../3rdParty_Code/AFNetworking/AFNetworking\"",
					"\"$(SRCROOT)/../3rdParty_Code/MBProgressHUD\"",
				);
				INFOPLIST_FILE = MotA/Info.plist;
				IPHONEOS_DEPLOYMENT_TARGET = 8.0;
				LD_RUNPATH_SEARCH_PATHS = "$(inherited) @executable_path/Frameworks";
				PRODUCT_BUNDLE_IDENTIFIER = com.colace..MotA;
				PRODUCT_NAME = "$(TARGET_NAME)";
				TARGETED_DEVICE_FAMILY = 1;
			};
			name = Release;
		};
/* End XCBuildConfiguration section */

/* Begin XCConfigurationList section */
		3A0332591EB7FA8900968CE3 /* Build configuration list for PBXProject "MotA" */ = {
			isa = XCConfigurationList;
			buildConfigurations = (
				3A03327E1EB7FA8A00968CE3 /* Debug */,
				3A03327F1EB7FA8A00968CE3 /* Release */,
			);
			defaultConfigurationIsVisible = 0;
			defaultConfigurationName = Release;
		};
		3A0332801EB7FA8A00968CE3 /* Build configuration list for PBXNativeTarget "MotA" */ = {
			isa = XCConfigurationList;
			buildConfigurations = (
				3A0332811EB7FA8A00968CE3 /* Debug */,
				3A0332821EB7FA8A00968CE3 /* Release */,
			);
			defaultConfigurationIsVisible = 0;
			defaultConfigurationName = Release;
		};
/* End XCConfigurationList section */
	};
	rootObject = 3A0332561EB7FA8900968CE3 /* Project object */;
}
